
Microsoft Visual Studio Solution File, Format Version 12.00
# Visual Studio Version 16
VisualStudioVersion = 16.0.31624.102
MinimumVisualStudioVersion = 10.0.40219.1
Project("{8BC9CEB8-8B4A-11D0-8D11-00A0C91BC942}") = "Lab3Win_1", "Lab3Win\Lab3Win.vcxproj", "{D87588DA-E726-4B24-81BE-6583374DC96D}"
EndProject
Project("{8BC9CEB8-8B4A-11D0-8D11-00A0C91BC942}") = "Lab3Win_2", "Lab3Win_2\Lab3Win_2.vcxproj", "{60AC6BCB-79F9-4D28-8DAB-32F07503C5AE}"
EndProject
Project("{8BC9CEB8-8B4A-11D0-8D11-00A0C91BC942}") = "Lab3Win_2_1", "Lab3Win_2_1\Lab3Win_2_1.vcxproj", "{430794F0-1294-4ED1-8FBF-EE7D141FF48A}"
EndProject
Project("{8BC9CEB8-8B4A-11D0-8D11-00A0C91BC942}") = "Lab3Win_2_2", "Lab3Win_2_2\Lab3Win_2_2.vcxproj", "{236F545D-858D-4E4C-97D3-49C0DF2EA7D2}"
EndProject
Project("{8BC9CEB8-8B4A-11D0-8D11-00A0C91BC942}") = "Lab3Win_3", "Lab3Win_3\Lab3Win_3.vcxproj", "{EFCC5EC0-F5BC-4B12-9AAF-97505DA1021F}"
EndProject
Global
	GlobalSection(SolutionConfigurationPlatforms) = preSolution
		Debug|x64 = Debug|x64
		Debug|x86 = Debug|x86
		Release|x64 = Release|x64
		Release|x86 = Release|x86
	EndGlobalSection
	GlobalSection(ProjectConfigurationPlatforms) = postSolution
		{D87588DA-E726-4B24-81BE-6583374DC96D}.Debug|x64.ActiveCfg = Debug|x64
		{D87588DA-E726-4B24-81BE-6583374DC96D}.Debug|x64.Build.0 = Debug|x64
		{D87588DA-E726-4B24-81BE-6583374DC96D}.Debug|x86.ActiveCfg = Debug|Win32
		{D87588DA-E726-4B24-81BE-6583374DC96D}.Debug|x86.Build.0 = Debug|Win32
		{D87588DA-E726-4B24-81BE-6583374DC96D}.Release|x64.ActiveCfg = Release|x64
		{D87588DA-E726-4B24-81BE-6583374DC96D}.Release|x64.Build.0 = Release|x64
		{D87588DA-E726-4B24-81BE-6583374DC96D}.Release|x86.ActiveCfg = Release|Win32
		{D87588DA-E726-4B24-81BE-6583374DC96D}.Release|x86.Build.0 = Release|Win32
		{60AC6BCB-79F9-4D28-8DAB-32F07503C5AE}.Debug|x64.ActiveCfg = Debug|x64
		{60AC6BCB-79F9-4D28-8DAB-32F07503C5AE}.Debug|x64.Build.0 = Debug|x64
		{60AC6BCB-79F9-4D28-8DAB-32F07503C5AE}.Debug|x86.ActiveCfg = Debug|Win32
		{60AC6BCB-79F9-4D28-8DAB-32F07503C5AE}.Debug|x86.Build.0 = Debug|Win32
		{60AC6BCB-79F9-4D28-8DAB-32F07503C5AE}.Release|x64.ActiveCfg = Release|x64
		{60AC6BCB-79F9-4D28-8DAB-32F07503C5AE}.Release|x64.Build.0 = Release|x64
		{60AC6BCB-79F9-4D28-8DAB-32F07503C5AE}.Release|x86.ActiveCfg = Release|Win32
		{60AC6BCB-79F9-4D28-8DAB-32F07503C5AE}.Release|x86.Build.0 = Release|Win32
		{430794F0-1294-4ED1-8FBF-EE7D141FF48A}.Debug|x64.ActiveCfg = Debug|x64
		{430794F0-1294-4ED1-8FBF-EE7D141FF48A}.Debug|x64.Build.0 = Debug|x64
		{430794F0-1294-4ED1-8FBF-EE7D141FF48A}.Debug|x86.ActiveCfg = Debug|Win32
		{430794F0-1294-4ED1-8FBF-EE7D141FF48A}.Debug|x86.Build.0 = Debug|Win32
		{430794F0-1294-4ED1-8FBF-EE7D141FF48A}.Release|x64.ActiveCfg = Release|x64
		{430794F0-1294-4ED1-8FBF-EE7D141FF48A}.Release|x64.Build.0 = Release|x64
		{430794F0-1294-4ED1-8FBF-EE7D141FF48A}.Release|x86.ActiveCfg = Release|Win32
		{430794F0-1294-4ED1-8FBF-EE7D141FF48A}.Release|x86.Build.0 = Release|Win32
		{236F545D-858D-4E4C-97D3-49C0DF2EA7D2}.Debug|x64.ActiveCfg = Debug|x64
		{236F545D-858D-4E4C-97D3-49C0DF2EA7D2}.Debug|x64.Build.0 = Debug|x64
		{236F545D-858D-4E4C-97D3-49C0DF2EA7D2}.Debug|x86.ActiveCfg = Debug|Win32
		{236F545D-858D-4E4C-97D3-49C0DF2EA7D2}.Debug|x86.Build.0 = Debug|Win32
		{236F545D-858D-4E4C-97D3-49C0DF2EA7D2}.Release|x64.ActiveCfg = Release|x64
		{236F545D-858D-4E4C-97D3-49C0DF2EA7D2}.Release|x64.Build.0 = Release|x64
		{236F545D-858D-4E4C-97D3-49C0DF2EA7D2}.Release|x86.ActiveCfg = Release|Win32
		{236F545D-858D-4E4C-97D3-49C0DF2EA7D2}.Release|x86.Build.0 = Release|Win32
		{EFCC5EC0-F5BC-4B12-9AAF-97505DA1021F}.Debug|x64.ActiveCfg = Debug|x64
		{EFCC5EC0-F5BC-4B12-9AAF-97505DA1021F}.Debug|x64.Build.0 = Debug|x64
		{EFCC5EC0-F5BC-4B12-9AAF-97505DA1021F}.Debug|x86.ActiveCfg = Debug|Win32
		{EFCC5EC0-F5BC-4B12-9AAF-97505DA1021F}.Debug|x86.Build.0 = Debug|Win32
		{EFCC5EC0-F5BC-4B12-9AAF-97505DA1021F}.Release|x64.ActiveCfg = Release|x64
		{EFCC5EC0-F5BC-4B12-9AAF-97505DA1021F}.Release|x64.Build.0 = Release|x64
		{EFCC5EC0-F5BC-4B12-9AAF-97505DA1021F}.Release|x86.ActiveCfg = Release|Win32
		{EFCC5EC0-F5BC-4B12-9AAF-97505DA1021F}.Release|x86.Build.0 = Release|Win32
	EndGlobalSection
	GlobalSection(SolutionProperties) = preSolution
		HideSolutionNode = FALSE
	EndGlobalSection
	GlobalSection(ExtensibilityGlobals) = postSolution
		SolutionGuid = {D87CA83E-A7AA-45F6-9E37-0AB6C790E80D}
	EndGlobalSection
EndGlobal
