
Microsoft Visual Studio Solution File, Format Version 12.00
# Visual Studio Version 16
VisualStudioVersion = 16.0.31624.102
MinimumVisualStudioVersion = 10.0.40219.1
Project("{8BC9CEB8-8B4A-11D0-8D11-00A0C91BC942}") = "OSLab5Win", "OSLab5Win\OSLab5Win.vcxproj", "{8BA1030E-3151-43A0-8F18-CFC66DE365A3}"
EndProject
Project("{8BC9CEB8-8B4A-11D0-8D11-00A0C91BC942}") = "OSLab5Win_2", "OSLab5Win_2\OSLab5Win_2.vcxproj", "{87198024-DD26-441A-A17A-E05C6FA24250}"
EndProject
Project("{8BC9CEB8-8B4A-11D0-8D11-00A0C91BC942}") = "OSLabs5Win_2x", "OSLabs5Win_2x\OSLabs5Win_2x.vcxproj", "{9CCA8371-BF14-41F1-AFB6-2E62FD58C043}"
EndProject
Project("{8BC9CEB8-8B4A-11D0-8D11-00A0C91BC942}") = "OSLabs5Win_3", "OSLabs5Win_3\OSLabs5Win_3.vcxproj", "{81747BE3-EA68-4441-8A6D-DECDCAA5A9ED}"
EndProject
Global
	GlobalSection(SolutionConfigurationPlatforms) = preSolution
		Debug|x64 = Debug|x64
		Debug|x86 = Debug|x86
		Release|x64 = Release|x64
		Release|x86 = Release|x86
	EndGlobalSection
	GlobalSection(ProjectConfigurationPlatforms) = postSolution
		{8BA1030E-3151-43A0-8F18-CFC66DE365A3}.Debug|x64.ActiveCfg = Debug|x64
		{8BA1030E-3151-43A0-8F18-CFC66DE365A3}.Debug|x64.Build.0 = Debug|x64
		{8BA1030E-3151-43A0-8F18-CFC66DE365A3}.Debug|x86.ActiveCfg = Debug|Win32
		{8BA1030E-3151-43A0-8F18-CFC66DE365A3}.Debug|x86.Build.0 = Debug|Win32
		{8BA1030E-3151-43A0-8F18-CFC66DE365A3}.Release|x64.ActiveCfg = Release|x64
		{8BA1030E-3151-43A0-8F18-CFC66DE365A3}.Release|x64.Build.0 = Release|x64
		{8BA1030E-3151-43A0-8F18-CFC66DE365A3}.Release|x86.ActiveCfg = Release|Win32
		{8BA1030E-3151-43A0-8F18-CFC66DE365A3}.Release|x86.Build.0 = Release|Win32
		{87198024-DD26-441A-A17A-E05C6FA24250}.Debug|x64.ActiveCfg = Debug|x64
		{87198024-DD26-441A-A17A-E05C6FA24250}.Debug|x64.Build.0 = Debug|x64
		{87198024-DD26-441A-A17A-E05C6FA24250}.Debug|x86.ActiveCfg = Debug|Win32
		{87198024-DD26-441A-A17A-E05C6FA24250}.Debug|x86.Build.0 = Debug|Win32
		{87198024-DD26-441A-A17A-E05C6FA24250}.Release|x64.ActiveCfg = Release|x64
		{87198024-DD26-441A-A17A-E05C6FA24250}.Release|x64.Build.0 = Release|x64
		{87198024-DD26-441A-A17A-E05C6FA24250}.Release|x86.ActiveCfg = Release|Win32
		{87198024-DD26-441A-A17A-E05C6FA24250}.Release|x86.Build.0 = Release|Win32
		{9CCA8371-BF14-41F1-AFB6-2E62FD58C043}.Debug|x64.ActiveCfg = Debug|x64
		{9CCA8371-BF14-41F1-AFB6-2E62FD58C043}.Debug|x64.Build.0 = Debug|x64
		{9CCA8371-BF14-41F1-AFB6-2E62FD58C043}.Debug|x86.ActiveCfg = Debug|Win32
		{9CCA8371-BF14-41F1-AFB6-2E62FD58C043}.Debug|x86.Build.0 = Debug|Win32
		{9CCA8371-BF14-41F1-AFB6-2E62FD58C043}.Release|x64.ActiveCfg = Release|x64
		{9CCA8371-BF14-41F1-AFB6-2E62FD58C043}.Release|x64.Build.0 = Release|x64
		{9CCA8371-BF14-41F1-AFB6-2E62FD58C043}.Release|x86.ActiveCfg = Release|Win32
		{9CCA8371-BF14-41F1-AFB6-2E62FD58C043}.Release|x86.Build.0 = Release|Win32
		{81747BE3-EA68-4441-8A6D-DECDCAA5A9ED}.Debug|x64.ActiveCfg = Debug|x64
		{81747BE3-EA68-4441-8A6D-DECDCAA5A9ED}.Debug|x64.Build.0 = Debug|x64
		{81747BE3-EA68-4441-8A6D-DECDCAA5A9ED}.Debug|x86.ActiveCfg = Debug|Win32
		{81747BE3-EA68-4441-8A6D-DECDCAA5A9ED}.Debug|x86.Build.0 = Debug|Win32
		{81747BE3-EA68-4441-8A6D-DECDCAA5A9ED}.Release|x64.ActiveCfg = Release|x64
		{81747BE3-EA68-4441-8A6D-DECDCAA5A9ED}.Release|x64.Build.0 = Release|x64
		{81747BE3-EA68-4441-8A6D-DECDCAA5A9ED}.Release|x86.ActiveCfg = Release|Win32
		{81747BE3-EA68-4441-8A6D-DECDCAA5A9ED}.Release|x86.Build.0 = Release|Win32
	EndGlobalSection
	GlobalSection(SolutionProperties) = preSolution
		HideSolutionNode = FALSE
	EndGlobalSection
	GlobalSection(ExtensibilityGlobals) = postSolution
		SolutionGuid = {CAC0F508-0A72-4A09-B9EE-D141E5AEB8BB}
	EndGlobalSection
EndGlobal
