
Microsoft Visual Studio Solution File, Format Version 12.00
# Visual Studio Version 16
VisualStudioVersion = 16.0.31624.102
MinimumVisualStudioVersion = 10.0.40219.1
Project("{8BC9CEB8-8B4A-11D0-8D11-00A0C91BC942}") = "Lab4Win", "Lab4Win\Lab4Win.vcxproj", "{6D58CB94-7A3B-4C59-B564-C7B8F3E45443}"
EndProject
Project("{8BC9CEB8-8B4A-11D0-8D11-00A0C91BC942}") = "Lab4Win_2", "Lab4Win_2\Lab4Win_2.vcxproj", "{68CE3086-407B-43BC-B73D-F231E3548F94}"
EndProject
Project("{8BC9CEB8-8B4A-11D0-8D11-00A0C91BC942}") = "Lab4Win_3", "Lab4Win_3\Lab4Win_3.vcxproj", "{87188871-97F2-4C9F-81D7-5CA8E265BB24}"
EndProject
Project("{8BC9CEB8-8B4A-11D0-8D11-00A0C91BC942}") = "Lab4Win_4", "Lab4Win_4\Lab4Win_4.vcxproj", "{6A3250CA-3122-4575-A676-E5D15BC42691}"
EndProject
Project("{8BC9CEB8-8B4A-11D0-8D11-00A0C91BC942}") = "Lab4Win_5", "Lab4Win_5\Lab4Win_5.vcxproj", "{52634717-A319-4754-AF48-0E12E3C7A852}"
EndProject
Global
	GlobalSection(SolutionConfigurationPlatforms) = preSolution
		Debug|x64 = Debug|x64
		Debug|x86 = Debug|x86
		Release|x64 = Release|x64
		Release|x86 = Release|x86
	EndGlobalSection
	GlobalSection(ProjectConfigurationPlatforms) = postSolution
		{6D58CB94-7A3B-4C59-B564-C7B8F3E45443}.Debug|x64.ActiveCfg = Debug|x64
		{6D58CB94-7A3B-4C59-B564-C7B8F3E45443}.Debug|x64.Build.0 = Debug|x64
		{6D58CB94-7A3B-4C59-B564-C7B8F3E45443}.Debug|x86.ActiveCfg = Debug|Win32
		{6D58CB94-7A3B-4C59-B564-C7B8F3E45443}.Debug|x86.Build.0 = Debug|Win32
		{6D58CB94-7A3B-4C59-B564-C7B8F3E45443}.Release|x64.ActiveCfg = Release|x64
		{6D58CB94-7A3B-4C59-B564-C7B8F3E45443}.Release|x64.Build.0 = Release|x64
		{6D58CB94-7A3B-4C59-B564-C7B8F3E45443}.Release|x86.ActiveCfg = Release|Win32
		{6D58CB94-7A3B-4C59-B564-C7B8F3E45443}.Release|x86.Build.0 = Release|Win32
		{68CE3086-407B-43BC-B73D-F231E3548F94}.Debug|x64.ActiveCfg = Debug|x64
		{68CE3086-407B-43BC-B73D-F231E3548F94}.Debug|x64.Build.0 = Debug|x64
		{68CE3086-407B-43BC-B73D-F231E3548F94}.Debug|x86.ActiveCfg = Debug|Win32
		{68CE3086-407B-43BC-B73D-F231E3548F94}.Debug|x86.Build.0 = Debug|Win32
		{68CE3086-407B-43BC-B73D-F231E3548F94}.Release|x64.ActiveCfg = Release|x64
		{68CE3086-407B-43BC-B73D-F231E3548F94}.Release|x64.Build.0 = Release|x64
		{68CE3086-407B-43BC-B73D-F231E3548F94}.Release|x86.ActiveCfg = Release|Win32
		{68CE3086-407B-43BC-B73D-F231E3548F94}.Release|x86.Build.0 = Release|Win32
		{87188871-97F2-4C9F-81D7-5CA8E265BB24}.Debug|x64.ActiveCfg = Debug|x64
		{87188871-97F2-4C9F-81D7-5CA8E265BB24}.Debug|x64.Build.0 = Debug|x64
		{87188871-97F2-4C9F-81D7-5CA8E265BB24}.Debug|x86.ActiveCfg = Debug|Win32
		{87188871-97F2-4C9F-81D7-5CA8E265BB24}.Debug|x86.Build.0 = Debug|Win32
		{87188871-97F2-4C9F-81D7-5CA8E265BB24}.Release|x64.ActiveCfg = Release|x64
		{87188871-97F2-4C9F-81D7-5CA8E265BB24}.Release|x64.Build.0 = Release|x64
		{87188871-97F2-4C9F-81D7-5CA8E265BB24}.Release|x86.ActiveCfg = Release|Win32
		{87188871-97F2-4C9F-81D7-5CA8E265BB24}.Release|x86.Build.0 = Release|Win32
		{6A3250CA-3122-4575-A676-E5D15BC42691}.Debug|x64.ActiveCfg = Debug|x64
		{6A3250CA-3122-4575-A676-E5D15BC42691}.Debug|x64.Build.0 = Debug|x64
		{6A3250CA-3122-4575-A676-E5D15BC42691}.Debug|x86.ActiveCfg = Debug|Win32
		{6A3250CA-3122-4575-A676-E5D15BC42691}.Debug|x86.Build.0 = Debug|Win32
		{6A3250CA-3122-4575-A676-E5D15BC42691}.Release|x64.ActiveCfg = Release|x64
		{6A3250CA-3122-4575-A676-E5D15BC42691}.Release|x64.Build.0 = Release|x64
		{6A3250CA-3122-4575-A676-E5D15BC42691}.Release|x86.ActiveCfg = Release|Win32
		{6A3250CA-3122-4575-A676-E5D15BC42691}.Release|x86.Build.0 = Release|Win32
		{52634717-A319-4754-AF48-0E12E3C7A852}.Debug|x64.ActiveCfg = Debug|x64
		{52634717-A319-4754-AF48-0E12E3C7A852}.Debug|x64.Build.0 = Debug|x64
		{52634717-A319-4754-AF48-0E12E3C7A852}.Debug|x86.ActiveCfg = Debug|Win32
		{52634717-A319-4754-AF48-0E12E3C7A852}.Debug|x86.Build.0 = Debug|Win32
		{52634717-A319-4754-AF48-0E12E3C7A852}.Release|x64.ActiveCfg = Release|x64
		{52634717-A319-4754-AF48-0E12E3C7A852}.Release|x64.Build.0 = Release|x64
		{52634717-A319-4754-AF48-0E12E3C7A852}.Release|x86.ActiveCfg = Release|Win32
		{52634717-A319-4754-AF48-0E12E3C7A852}.Release|x86.Build.0 = Release|Win32
	EndGlobalSection
	GlobalSection(SolutionProperties) = preSolution
		HideSolutionNode = FALSE
	EndGlobalSection
	GlobalSection(ExtensibilityGlobals) = postSolution
		SolutionGuid = {48CC1C64-1F22-456D-B8C8-E1F01A67F80E}
	EndGlobalSection
EndGlobal
